
Microsoft Visual Studio Solution File, Format Version 12.00
# Visual Studio Version 17
VisualStudioVersion = 17.2.32616.157
MinimumVisualStudioVersion = 10.0.40219.1
Project("{FAE04EC0-301F-11D3-BF4B-00C04F79EFBC}") = "Task_1", "Task_1\Task_1.csproj", "{3A89A380-AC58-4341-9D53-7432CD802506}"
EndProject
Global
	GlobalSection(SolutionConfigurationPlatforms) = preSolution
		Debug|Any CPU = Debug|Any CPU
		Release|Any CPU = Release|Any CPU
	EndGlobalSection
	GlobalSection(ProjectConfigurationPlatforms) = postSolution
		{3A89A380-AC58-4341-9D53-7432CD802506}.Debug|Any CPU.ActiveCfg = Debug|Any CPU
		{3A89A380-AC58-4341-9D53-7432CD802506}.Debug|Any CPU.Build.0 = Debug|Any CPU
		{3A89A380-AC58-4341-9D53-7432CD802506}.Release|Any CPU.ActiveCfg = Release|Any CPU
		{3A89A380-AC58-4341-9D53-7432CD802506}.Release|Any CPU.Build.0 = Release|Any CPU
	EndGlobalSection
	GlobalSection(SolutionProperties) = preSolution
		HideSolutionNode = FALSE
	EndGlobalSection
	GlobalSection(ExtensibilityGlobals) = postSolution
		SolutionGuid = {6EE6DA8A-9A80-464F-B778-3AD7646076F6}
	EndGlobalSection
EndGlobal
